// !$*UTF8*$!
{
	archiveVersion = 1;
	classes = {
	};
	objectVersion = 55;
	objects = {

/* Begin PBXBuildFile section */
		6F8C554A29008571004565D5 /* AppDelegate.swift in Sources */ = {isa = PBXBuildFile; fileRef = 6F8C554929008571004565D5 /* AppDelegate.swift */; };
		6F8C554C29008571004565D5 /* ContentView.swift in Sources */ = {isa = PBXBuildFile; fileRef = 6F8C554B29008571004565D5 /* ContentView.swift */; };
		6F8C554E29008571004565D5 /* Experience.rcproject in Sources */ = {isa = PBXBuildFile; fileRef = 6F8C554D29008571004565D5 /* Experience.rcproject */; };
		6F8C555029008575004565D5 /* Assets.xcassets in Resources */ = {isa = PBXBuildFile; fileRef = 6F8C554F29008575004565D5 /* Assets.xcassets */; };
		6F8C555329008575004565D5 /* Preview Assets.xcassets in Resources */ = {isa = PBXBuildFile; fileRef = 6F8C555229008575004565D5 /* Preview Assets.xcassets */; };
		6F8C555D29008575004565D5 /* porsche930TurboTests.swift in Sources */ = {isa = PBXBuildFile; fileRef = 6F8C555C29008575004565D5 /* porsche930TurboTests.swift */; };
		6F8C556729008575004565D5 /* porsche930TurboUITests.swift in Sources */ = {isa = PBXBuildFile; fileRef = 6F8C556629008575004565D5 /* porsche930TurboUITests.swift */; };
		6F8C556929008575004565D5 /* porsche930TurboUITestsLaunchTests.swift in Sources */ = {isa = PBXBuildFile; fileRef = 6F8C556829008575004565D5 /* porsche930TurboUITestsLaunchTests.swift */; };
		6F8C5578290095FE004565D5 /* CarHighlight.swift in Sources */ = {isa = PBXBuildFile; fileRef = 6F8C5577290095FE004565D5 /* CarHighlight.swift */; };
		D44B10EB290426C900A01861 /* ARSettings.swift in Sources */ = {isa = PBXBuildFile; fileRef = D44B10EA290426C900A01861 /* ARSettings.swift */; };
/* End PBXBuildFile section */

/* Begin PBXContainerItemProxy section */
		6F8C555929008575004565D5 /* PBXContainerItemProxy */ = {
			isa = PBXContainerItemProxy;
			containerPortal = 6F8C553E29008571004565D5 /* Project object */;
			proxyType = 1;
			remoteGlobalIDString = 6F8C554529008571004565D5;
			remoteInfo = porsche930Turbo;
		};
		6F8C556329008575004565D5 /* PBXContainerItemProxy */ = {
			isa = PBXContainerItemProxy;
			containerPortal = 6F8C553E29008571004565D5 /* Project object */;
			proxyType = 1;
			remoteGlobalIDString = 6F8C554529008571004565D5;
			remoteInfo = porsche930Turbo;
		};
/* End PBXContainerItemProxy section */

/* Begin PBXFileReference section */
		6F8C554629008571004565D5 /* porsche930Turbo.app */ = {isa = PBXFileReference; explicitFileType = wrapper.application; includeInIndex = 0; path = porsche930Turbo.app; sourceTree = BUILT_PRODUCTS_DIR; };
		6F8C554929008571004565D5 /* AppDelegate.swift */ = {isa = PBXFileReference; lastKnownFileType = sourcecode.swift; path = AppDelegate.swift; sourceTree = "<group>"; };
		6F8C554B29008571004565D5 /* ContentView.swift */ = {isa = PBXFileReference; lastKnownFileType = sourcecode.swift; path = ContentView.swift; sourceTree = "<group>"; };
		6F8C554D29008571004565D5 /* Experience.rcproject */ = {isa = PBXFileReference; lastKnownFileType = file.rcproject; path = Experience.rcproject; sourceTree = "<group>"; };
		6F8C554F29008575004565D5 /* Assets.xcassets */ = {isa = PBXFileReference; lastKnownFileType = folder.assetcatalog; path = Assets.xcassets; sourceTree = "<group>"; };
		6F8C555229008575004565D5 /* Preview Assets.xcassets */ = {isa = PBXFileReference; lastKnownFileType = folder.assetcatalog; path = "Preview Assets.xcassets"; sourceTree = "<group>"; };
		6F8C555829008575004565D5 /* porsche930TurboTests.xctest */ = {isa = PBXFileReference; explicitFileType = wrapper.cfbundle; includeInIndex = 0; path = porsche930TurboTests.xctest; sourceTree = BUILT_PRODUCTS_DIR; };
		6F8C555C29008575004565D5 /* porsche930TurboTests.swift */ = {isa = PBXFileReference; lastKnownFileType = sourcecode.swift; path = porsche930TurboTests.swift; sourceTree = "<group>"; };
		6F8C556229008575004565D5 /* porsche930TurboUITests.xctest */ = {isa = PBXFileReference; explicitFileType = wrapper.cfbundle; includeInIndex = 0; path = porsche930TurboUITests.xctest; sourceTree = BUILT_PRODUCTS_DIR; };
		6F8C556629008575004565D5 /* porsche930TurboUITests.swift */ = {isa = PBXFileReference; lastKnownFileType = sourcecode.swift; path = porsche930TurboUITests.swift; sourceTree = "<group>"; };
		6F8C556829008575004565D5 /* porsche930TurboUITestsLaunchTests.swift */ = {isa = PBXFileReference; lastKnownFileType = sourcecode.swift; path = porsche930TurboUITestsLaunchTests.swift; sourceTree = "<group>"; };
		6F8C5577290095FE004565D5 /* CarHighlight.swift */ = {isa = PBXFileReference; lastKnownFileType = sourcecode.swift; path = CarHighlight.swift; sourceTree = "<group>"; };
		D44B10EA290426C900A01861 /* ARSettings.swift */ = {isa = PBXFileReference; lastKnownFileType = sourcecode.swift; path = ARSettings.swift; sourceTree = "<group>"; };
/* End PBXFileReference section */

/* Begin PBXFrameworksBuildPhase section */
		6F8C554329008571004565D5 /* Frameworks */ = {
			isa = PBXFrameworksBuildPhase;
			buildActionMask = 2147483647;
			files = (
			);
			runOnlyForDeploymentPostprocessing = 0;
		};
		6F8C555529008575004565D5 /* Frameworks */ = {
			isa = PBXFrameworksBuildPhase;
			buildActionMask = 2147483647;
			files = (
			);
			runOnlyForDeploymentPostprocessing = 0;
		};
		6F8C555F29008575004565D5 /* Frameworks */ = {
			isa = PBXFrameworksBuildPhase;
			buildActionMask = 2147483647;
			files = (
			);
			runOnlyForDeploymentPostprocessing = 0;
		};
/* End PBXFrameworksBuildPhase section */

/* Begin PBXGroup section */
		6F8C553D29008571004565D5 = {
			isa = PBXGroup;
			children = (
				D44B10EC29043BCE00A01861 /* Model */,
				6F8C554829008571004565D5 /* porsche930Turbo */,
				6F8C555B29008575004565D5 /* porsche930TurboTests */,
				6F8C556529008575004565D5 /* porsche930TurboUITests */,
				6F8C554729008571004565D5 /* Products */,
			);
			sourceTree = "<group>";
		};
		6F8C554729008571004565D5 /* Products */ = {
			isa = PBXGroup;
			children = (
				6F8C554629008571004565D5 /* porsche930Turbo.app */,
				6F8C555829008575004565D5 /* porsche930TurboTests.xctest */,
				6F8C556229008575004565D5 /* porsche930TurboUITests.xctest */,
			);
			name = Products;
			sourceTree = "<group>";
		};
		6F8C554829008571004565D5 /* porsche930Turbo */ = {
			isa = PBXGroup;
			children = (
				6F8C554929008571004565D5 /* AppDelegate.swift */,
				6F8C554B29008571004565D5 /* ContentView.swift */,
				6F8C554D29008571004565D5 /* Experience.rcproject */,
				6F8C554F29008575004565D5 /* Assets.xcassets */,
				6F8C555129008575004565D5 /* Preview Content */,
				6F8C5577290095FE004565D5 /* CarHighlight.swift */,
				D44B10EA290426C900A01861 /* ARSettings.swift */,
			);
			path = porsche930Turbo;
			sourceTree = "<group>";
		};
		6F8C555129008575004565D5 /* Preview Content */ = {
			isa = PBXGroup;
			children = (
				6F8C555229008575004565D5 /* Preview Assets.xcassets */,
			);
			path = "Preview Content";
			sourceTree = "<group>";
		};
		6F8C555B29008575004565D5 /* porsche930TurboTests */ = {
			isa = PBXGroup;
			children = (
				6F8C555C29008575004565D5 /* porsche930TurboTests.swift */,
			);
			path = porsche930TurboTests;
			sourceTree = "<group>";
		};
		6F8C556529008575004565D5 /* porsche930TurboUITests */ = {
			isa = PBXGroup;
			children = (
				6F8C556629008575004565D5 /* porsche930TurboUITests.swift */,
				6F8C556829008575004565D5 /* porsche930TurboUITestsLaunchTests.swift */,
			);
			path = porsche930TurboUITests;
			sourceTree = "<group>";
		};
		D44B10EC29043BCE00A01861 /* Model */ = {
			isa = PBXGroup;
			children = (
			);
			path = Model;
			sourceTree = "<group>";
		};
/* End PBXGroup section */

/* Begin PBXNativeTarget section */
		6F8C554529008571004565D5 /* porsche930Turbo */ = {
			isa = PBXNativeTarget;
			buildConfigurationList = 6F8C556C29008575004565D5 /* Build configuration list for PBXNativeTarget "porsche930Turbo" */;
			buildPhases = (
				6F8C554229008571004565D5 /* Sources */,
				6F8C554329008571004565D5 /* Frameworks */,
				6F8C554429008571004565D5 /* Resources */,
			);
			buildRules = (
			);
			dependencies = (
			);
			name = porsche930Turbo;
			productName = porsche930Turbo;
			productReference = 6F8C554629008571004565D5 /* porsche930Turbo.app */;
			productType = "com.apple.product-type.application";
		};
		6F8C555729008575004565D5 /* porsche930TurboTests */ = {
			isa = PBXNativeTarget;
			buildConfigurationList = 6F8C556F29008575004565D5 /* Build configuration list for PBXNativeTarget "porsche930TurboTests" */;
			buildPhases = (
				6F8C555429008575004565D5 /* Sources */,
				6F8C555529008575004565D5 /* Frameworks */,
				6F8C555629008575004565D5 /* Resources */,
			);
			buildRules = (
			);
			dependencies = (
				6F8C555A29008575004565D5 /* PBXTargetDependency */,
			);
			name = porsche930TurboTests;
			productName = porsche930TurboTests;
			productReference = 6F8C555829008575004565D5 /* porsche930TurboTests.xctest */;
			productType = "com.apple.product-type.bundle.unit-test";
		};
		6F8C556129008575004565D5 /* porsche930TurboUITests */ = {
			isa = PBXNativeTarget;
			buildConfigurationList = 6F8C557229008575004565D5 /* Build configuration list for PBXNativeTarget "porsche930TurboUITests" */;
			buildPhases = (
				6F8C555E29008575004565D5 /* Sources */,
				6F8C555F29008575004565D5 /* Frameworks */,
				6F8C556029008575004565D5 /* Resources */,
			);
			buildRules = (
			);
			dependencies = (
				6F8C556429008575004565D5 /* PBXTargetDependency */,
			);
			name = porsche930TurboUITests;
			productName = porsche930TurboUITests;
			productReference = 6F8C556229008575004565D5 /* porsche930TurboUITests.xctest */;
			productType = "com.apple.product-type.bundle.ui-testing";
		};
/* End PBXNativeTarget section */

/* Begin PBXProject section */
		6F8C553E29008571004565D5 /* Project object */ = {
			isa = PBXProject;
			attributes = {
				BuildIndependentTargetsInParallel = 1;
				LastSwiftUpdateCheck = 1340;
				LastUpgradeCheck = 1340;
				TargetAttributes = {
					6F8C554529008571004565D5 = {
						CreatedOnToolsVersion = 13.4.1;
					};
					6F8C555729008575004565D5 = {
						CreatedOnToolsVersion = 13.4.1;
						TestTargetID = 6F8C554529008571004565D5;
					};
					6F8C556129008575004565D5 = {
						CreatedOnToolsVersion = 13.4.1;
						TestTargetID = 6F8C554529008571004565D5;
					};
				};
			};
			buildConfigurationList = 6F8C554129008571004565D5 /* Build configuration list for PBXProject "porsche930Turbo" */;
			compatibilityVersion = "Xcode 13.0";
			developmentRegion = en;
			hasScannedForEncodings = 0;
			knownRegions = (
				en,
				Base,
			);
			mainGroup = 6F8C553D29008571004565D5;
			productRefGroup = 6F8C554729008571004565D5 /* Products */;
			projectDirPath = "";
			projectRoot = "";
			targets = (
				6F8C554529008571004565D5 /* porsche930Turbo */,
				6F8C555729008575004565D5 /* porsche930TurboTests */,
				6F8C556129008575004565D5 /* porsche930TurboUITests */,
			);
		};
/* End PBXProject section */

/* Begin PBXResourcesBuildPhase section */
		6F8C554429008571004565D5 /* Resources */ = {
			isa = PBXResourcesBuildPhase;
			buildActionMask = 2147483647;
			files = (
				6F8C555329008575004565D5 /* Preview Assets.xcassets in Resources */,
				6F8C555029008575004565D5 /* Assets.xcassets in Resources */,
			);
			runOnlyForDeploymentPostprocessing = 0;
		};
		6F8C555629008575004565D5 /* Resources */ = {
			isa = PBXResourcesBuildPhase;
			buildActionMask = 2147483647;
			files = (
			);
			runOnlyForDeploymentPostprocessing = 0;
		};
		6F8C556029008575004565D5 /* Resources */ = {
			isa = PBXResourcesBuildPhase;
			buildActionMask = 2147483647;
			files = (
			);
			runOnlyForDeploymentPostprocessing = 0;
		};
/* End PBXResourcesBuildPhase section */

/* Begin PBXSourcesBuildPhase section */
		6F8C554229008571004565D5 /* Sources */ = {
			isa = PBXSourcesBuildPhase;
			buildActionMask = 2147483647;
			files = (
				6F8C554C29008571004565D5 /* ContentView.swift in Sources */,
				6F8C554A29008571004565D5 /* AppDelegate.swift in Sources */,
				6F8C554E29008571004565D5 /* Experience.rcproject in Sources */,
				6F8C5578290095FE004565D5 /* CarHighlight.swift in Sources */,
				D44B10EB290426C900A01861 /* ARSettings.swift in Sources */,
			);
			runOnlyForDeploymentPostprocessing = 0;
		};
		6F8C555429008575004565D5 /* Sources */ = {
			isa = PBXSourcesBuildPhase;
			buildActionMask = 2147483647;
			files = (
				6F8C555D29008575004565D5 /* porsche930TurboTests.swift in Sources */,
			);
			runOnlyForDeploymentPostprocessing = 0;
		};
		6F8C555E29008575004565D5 /* Sources */ = {
			isa = PBXSourcesBuildPhase;
			buildActionMask = 2147483647;
			files = (
				6F8C556729008575004565D5 /* porsche930TurboUITests.swift in Sources */,
				6F8C556929008575004565D5 /* porsche930TurboUITestsLaunchTests.swift in Sources */,
			);
			runOnlyForDeploymentPostprocessing = 0;
		};
/* End PBXSourcesBuildPhase section */

/* Begin PBXTargetDependency section */
		6F8C555A29008575004565D5 /* PBXTargetDependency */ = {
			isa = PBXTargetDependency;
			target = 6F8C554529008571004565D5 /* porsche930Turbo */;
			targetProxy = 6F8C555929008575004565D5 /* PBXContainerItemProxy */;
		};
		6F8C556429008575004565D5 /* PBXTargetDependency */ = {
			isa = PBXTargetDependency;
			target = 6F8C554529008571004565D5 /* porsche930Turbo */;
			targetProxy = 6F8C556329008575004565D5 /* PBXContainerItemProxy */;
		};
/* End PBXTargetDependency section */

/* Begin XCBuildConfiguration section */
		6F8C556A29008575004565D5 /* Debug */ = {
			isa = XCBuildConfiguration;
			buildSettings = {
				ALWAYS_SEARCH_USER_PATHS = NO;
				CLANG_ANALYZER_NONNULL = YES;
				CLANG_ANALYZER_NUMBER_OBJECT_CONVERSION = YES_AGGRESSIVE;
				CLANG_CXX_LANGUAGE_STANDARD = "gnu++17";
				CLANG_ENABLE_MODULES = YES;
				CLANG_ENABLE_OBJC_ARC = YES;
				CLANG_ENABLE_OBJC_WEAK = YES;
				CLANG_WARN_BLOCK_CAPTURE_AUTORELEASING = YES;
				CLANG_WARN_BOOL_CONVERSION = YES;
				CLANG_WARN_COMMA = YES;
				CLANG_WARN_CONSTANT_CONVERSION = YES;
				CLANG_WARN_DEPRECATED_OBJC_IMPLEMENTATIONS = YES;
				CLANG_WARN_DIRECT_OBJC_ISA_USAGE = YES_ERROR;
				CLANG_WARN_DOCUMENTATION_COMMENTS = YES;
				CLANG_WARN_EMPTY_BODY = YES;
				CLANG_WARN_ENUM_CONVERSION = YES;
				CLANG_WARN_INFINITE_RECURSION = YES;
				CLANG_WARN_INT_CONVERSION = YES;
				CLANG_WARN_NON_LITERAL_NULL_CONVERSION = YES;
				CLANG_WARN_OBJC_IMPLICIT_RETAIN_SELF = YES;
				CLANG_WARN_OBJC_LITERAL_CONVERSION = YES;
				CLANG_WARN_OBJC_ROOT_CLASS = YES_ERROR;
				CLANG_WARN_QUOTED_INCLUDE_IN_FRAMEWORK_HEADER = YES;
				CLANG_WARN_RANGE_LOOP_ANALYSIS = YES;
				CLANG_WARN_STRICT_PROTOTYPES = YES;
				CLANG_WARN_SUSPICIOUS_MOVE = YES;
				CLANG_WARN_UNGUARDED_AVAILABILITY = YES_AGGRESSIVE;
				CLANG_WARN_UNREACHABLE_CODE = YES;
				CLANG_WARN__DUPLICATE_METHOD_MATCH = YES;
				COPY_PHASE_STRIP = NO;
				DEBUG_INFORMATION_FORMAT = dwarf;
				ENABLE_STRICT_OBJC_MSGSEND = YES;
				ENABLE_TESTABILITY = YES;
				GCC_C_LANGUAGE_STANDARD = gnu11;
				GCC_DYNAMIC_NO_PIC = NO;
				GCC_NO_COMMON_BLOCKS = YES;
				GCC_OPTIMIZATION_LEVEL = 0;
				GCC_PREPROCESSOR_DEFINITIONS = (
					"DEBUG=1",
					"$(inherited)",
				);
				GCC_WARN_64_TO_32_BIT_CONVERSION = YES;
				GCC_WARN_ABOUT_RETURN_TYPE = YES_ERROR;
				GCC_WARN_UNDECLARED_SELECTOR = YES;
				GCC_WARN_UNINITIALIZED_AUTOS = YES_AGGRESSIVE;
				GCC_WARN_UNUSED_FUNCTION = YES;
				GCC_WARN_UNUSED_VARIABLE = YES;
				IPHONEOS_DEPLOYMENT_TARGET = 15.5;
				MTL_ENABLE_DEBUG_INFO = INCLUDE_SOURCE;
				MTL_FAST_MATH = YES;
				ONLY_ACTIVE_ARCH = YES;
				SDKROOT = iphoneos;
				SWIFT_ACTIVE_COMPILATION_CONDITIONS = DEBUG;
				SWIFT_OPTIMIZATION_LEVEL = "-Onone";
			};
			name = Debug;
		};
		6F8C556B29008575004565D5 /* Release */ = {
			isa = XCBuildConfiguration;
			buildSettings = {
				ALWAYS_SEARCH_USER_PATHS = NO;
				CLANG_ANALYZER_NONNULL = YES;
				CLANG_ANALYZER_NUMBER_OBJECT_CONVERSION = YES_AGGRESSIVE;
				CLANG_CXX_LANGUAGE_STANDARD = "gnu++17";
				CLANG_ENABLE_MODULES = YES;
				CLANG_ENABLE_OBJC_ARC = YES;
				CLANG_ENABLE_OBJC_WEAK = YES;
				CLANG_WARN_BLOCK_CAPTURE_AUTORELEASING = YES;
				CLANG_WARN_BOOL_CONVERSION = YES;
				CLANG_WARN_COMMA = YES;
				CLANG_WARN_CONSTANT_CONVERSION = YES;
				CLANG_WARN_DEPRECATED_OBJC_IMPLEMENTATIONS = YES;
				CLANG_WARN_DIRECT_OBJC_ISA_USAGE = YES_ERROR;
				CLANG_WARN_DOCUMENTATION_COMMENTS = YES;
				CLANG_WARN_EMPTY_BODY = YES;
				CLANG_WARN_ENUM_CONVERSION = YES;
				CLANG_WARN_INFINITE_RECURSION = YES;
				CLANG_WARN_INT_CONVERSION = YES;
				CLANG_WARN_NON_LITERAL_NULL_CONVERSION = YES;
				CLANG_WARN_OBJC_IMPLICIT_RETAIN_SELF = YES;
				CLANG_WARN_OBJC_LITERAL_CONVERSION = YES;
				CLANG_WARN_OBJC_ROOT_CLASS = YES_ERROR;
				CLANG_WARN_QUOTED_INCLUDE_IN_FRAMEWORK_HEADER = YES;
				CLANG_WARN_RANGE_LOOP_ANALYSIS = YES;
				CLANG_WARN_STRICT_PROTOTYPES = YES;
				CLANG_WARN_SUSPICIOUS_MOVE = YES;
				CLANG_WARN_UNGUARDED_AVAILABILITY = YES_AGGRESSIVE;
				CLANG_WARN_UNREACHABLE_CODE = YES;
				CLANG_WARN__DUPLICATE_METHOD_MATCH = YES;
				COPY_PHASE_STRIP = NO;
				DEBUG_INFORMATION_FORMAT = "dwarf-with-dsym";
				ENABLE_NS_ASSERTIONS = NO;
				ENABLE_STRICT_OBJC_MSGSEND = YES;
				GCC_C_LANGUAGE_STANDARD = gnu11;
				GCC_NO_COMMON_BLOCKS = YES;
				GCC_WARN_64_TO_32_BIT_CONVERSION = YES;
				GCC_WARN_ABOUT_RETURN_TYPE = YES_ERROR;
				GCC_WARN_UNDECLARED_SELECTOR = YES;
				GCC_WARN_UNINITIALIZED_AUTOS = YES_AGGRESSIVE;
				GCC_WARN_UNUSED_FUNCTION = YES;
				GCC_WARN_UNUSED_VARIABLE = YES;
				IPHONEOS_DEPLOYMENT_TARGET = 15.5;
				MTL_ENABLE_DEBUG_INFO = NO;
				MTL_FAST_MATH = YES;
				SDKROOT = iphoneos;
				SWIFT_COMPILATION_MODE = wholemodule;
				SWIFT_OPTIMIZATION_LEVEL = "-O";
				VALIDATE_PRODUCT = YES;
			};
			name = Release;
		};
		6F8C556D29008575004565D5 /* Debug */ = {
			isa = XCBuildConfiguration;
			buildSettings = {
				ASSETCATALOG_COMPILER_APPICON_NAME = AppIcon;
				ASSETCATALOG_COMPILER_GLOBAL_ACCENT_COLOR_NAME = AccentColor;
				CODE_SIGN_STYLE = Automatic;
				CURRENT_PROJECT_VERSION = 1;
				DEVELOPMENT_ASSET_PATHS = "\"porsche930Turbo/Preview Content\"";
				DEVELOPMENT_TEAM = Q823D84X8D;
				ENABLE_PREVIEWS = YES;
				GENERATE_INFOPLIST_FILE = YES;
				INFOPLIST_KEY_NSCameraUsageDescription = "";
				INFOPLIST_KEY_UIApplicationSupportsIndirectInputEvents = YES;
				INFOPLIST_KEY_UILaunchScreen_Generation = YES;
				INFOPLIST_KEY_UIRequiredDeviceCapabilities = arkit;
				INFOPLIST_KEY_UIStatusBarHidden = YES;
				INFOPLIST_KEY_UISupportedInterfaceOrientations_iPad = "UIInterfaceOrientationPortrait UIInterfaceOrientationPortraitUpsideDown UIInterfaceOrientationLandscapeLeft UIInterfaceOrientationLandscapeRight";
				INFOPLIST_KEY_UISupportedInterfaceOrientations_iPhone = "UIInterfaceOrientationPortrait UIInterfaceOrientationLandscapeLeft UIInterfaceOrientationLandscapeRight";
				LD_RUNPATH_SEARCH_PATHS = (
					"$(inherited)",
					"@executable_path/Frameworks",
				);
				MARKETING_VERSION = 1.0;
				PRODUCT_BUNDLE_IDENTIFIER = com.JalomeChirwa.porsche930Turbo;
				PRODUCT_NAME = "$(TARGET_NAME)";
				SWIFT_EMIT_LOC_STRINGS = YES;
				SWIFT_VERSION = 5.0;
				TARGETED_DEVICE_FAMILY = "1,2";
			};
			name = Debug;
		};
		6F8C556E29008575004565D5 /* Release */ = {
			isa = XCBuildConfiguration;
			buildSettings = {
				ASSETCATALOG_COMPILER_APPICON_NAME = AppIcon;
				ASSETCATALOG_COMPILER_GLOBAL_ACCENT_COLOR_NAME = AccentColor;
				CODE_SIGN_STYLE = Automatic;
				CURRENT_PROJECT_VERSION = 1;
				DEVELOPMENT_ASSET_PATHS = "\"porsche930Turbo/Preview Content\"";
				DEVELOPMENT_TEAM = Q823D84X8D;
				ENABLE_PREVIEWS = YES;
				GENERATE_INFOPLIST_FILE = YES;
				INFOPLIST_KEY_NSCameraUsageDescription = "";
				INFOPLIST_KEY_UIApplicationSupportsIndirectInputEvents = YES;
				INFOPLIST_KEY_UILaunchScreen_Generation = YES;
				INFOPLIST_KEY_UIRequiredDeviceCapabilities = arkit;
				INFOPLIST_KEY_UIStatusBarHidden = YES;
				INFOPLIST_KEY_UISupportedInterfaceOrientations_iPad = "UIInterfaceOrientationPortrait UIInterfaceOrientationPortraitUpsideDown UIInterfaceOrientationLandscapeLeft UIInterfaceOrientationLandscapeRight";
				INFOPLIST_KEY_UISupportedInterfaceOrientations_iPhone = "UIInterfaceOrientationPortrait UIInterfaceOrientationLandscapeLeft UIInterfaceOrientationLandscapeRight";
				LD_RUNPATH_SEARCH_PATHS = (
					"$(inherited)",
					"@executable_path/Frameworks",
				);
				MARKETING_VERSION = 1.0;
				PRODUCT_BUNDLE_IDENTIFIER = com.JalomeChirwa.porsche930Turbo;
				PRODUCT_NAME = "$(TARGET_NAME)";
				SWIFT_EMIT_LOC_STRINGS = YES;
				SWIFT_VERSION = 5.0;
				TARGETED_DEVICE_FAMILY = "1,2";
			};
			name = Release;
		};
		6F8C557029008575004565D5 /* Debug */ = {
			isa = XCBuildConfiguration;
			buildSettings = {
				ALWAYS_EMBED_SWIFT_STANDARD_LIBRARIES = YES;
				BUNDLE_LOADER = "$(TEST_HOST)";
				CODE_SIGN_STYLE = Automatic;
				CURRENT_PROJECT_VERSION = 1;
				DEVELOPMENT_TEAM = Q823D84X8D;
				GENERATE_INFOPLIST_FILE = YES;
				IPHONEOS_DEPLOYMENT_TARGET = 15.5;
				MARKETING_VERSION = 1.0;
				PRODUCT_BUNDLE_IDENTIFIER = com.JalomeChirwa.porsche930TurboTests;
				PRODUCT_NAME = "$(TARGET_NAME)";
				SWIFT_EMIT_LOC_STRINGS = NO;
				SWIFT_VERSION = 5.0;
				TARGETED_DEVICE_FAMILY = "1,2";
				TEST_HOST = "$(BUILT_PRODUCTS_DIR)/porsche930Turbo.app/porsche930Turbo";
			};
			name = Debug;
		};
		6F8C557129008575004565D5 /* Release */ = {
			isa = XCBuildConfiguration;
			buildSettings = {
				ALWAYS_EMBED_SWIFT_STANDARD_LIBRARIES = YES;
				BUNDLE_LOADER = "$(TEST_HOST)";
				CODE_SIGN_STYLE = Automatic;
				CURRENT_PROJECT_VERSION = 1;
				DEVELOPMENT_TEAM = Q823D84X8D;
				GENERATE_INFOPLIST_FILE = YES;
				IPHONEOS_DEPLOYMENT_TARGET = 15.5;
				MARKETING_VERSION = 1.0;
				PRODUCT_BUNDLE_IDENTIFIER = com.JalomeChirwa.porsche930TurboTests;
				PRODUCT_NAME = "$(TARGET_NAME)";
				SWIFT_EMIT_LOC_STRINGS = NO;
				SWIFT_VERSION = 5.0;
				TARGETED_DEVICE_FAMILY = "1,2";
				TEST_HOST = "$(BUILT_PRODUCTS_DIR)/porsche930Turbo.app/porsche930Turbo";
			};
			name = Release;
		};
		6F8C557329008575004565D5 /* Debug */ = {
			isa = XCBuildConfiguration;
			buildSettings = {
				ALWAYS_EMBED_SWIFT_STANDARD_LIBRARIES = YES;
				CODE_SIGN_STYLE = Automatic;
				CURRENT_PROJECT_VERSION = 1;
				DEVELOPMENT_TEAM = Q823D84X8D;
				GENERATE_INFOPLIST_FILE = YES;
				MARKETING_VERSION = 1.0;
				PRODUCT_BUNDLE_IDENTIFIER = com.JalomeChirwa.porsche930TurboUITests;
				PRODUCT_NAME = "$(TARGET_NAME)";
				SWIFT_EMIT_LOC_STRINGS = NO;
				SWIFT_VERSION = 5.0;
				TARGETED_DEVICE_FAMILY = "1,2";
				TEST_TARGET_NAME = porsche930Turbo;
			};
			name = Debug;
		};
		6F8C557429008575004565D5 /* Release */ = {
			isa = XCBuildConfiguration;
			buildSettings = {
				ALWAYS_EMBED_SWIFT_STANDARD_LIBRARIES = YES;
				CODE_SIGN_STYLE = Automatic;
				CURRENT_PROJECT_VERSION = 1;
				DEVELOPMENT_TEAM = Q823D84X8D;
				GENERATE_INFOPLIST_FILE = YES;
				MARKETING_VERSION = 1.0;
				PRODUCT_BUNDLE_IDENTIFIER = com.JalomeChirwa.porsche930TurboUITests;
				PRODUCT_NAME = "$(TARGET_NAME)";
				SWIFT_EMIT_LOC_STRINGS = NO;
				SWIFT_VERSION = 5.0;
				TARGETED_DEVICE_FAMILY = "1,2";
				TEST_TARGET_NAME = porsche930Turbo;
			};
			name = Release;
		};
/* End XCBuildConfiguration section */

/* Begin XCConfigurationList section */
		6F8C554129008571004565D5 /* Build configuration list for PBXProject "porsche930Turbo" */ = {
			isa = XCConfigurationList;
			buildConfigurations = (
				6F8C556A29008575004565D5 /* Debug */,
				6F8C556B29008575004565D5 /* Release */,
			);
			defaultConfigurationIsVisible = 0;
			defaultConfigurationName = Release;
		};
		6F8C556C29008575004565D5 /* Build configuration list for PBXNativeTarget "porsche930Turbo" */ = {
			isa = XCConfigurationList;
			buildConfigurations = (
				6F8C556D29008575004565D5 /* Debug */,
				6F8C556E29008575004565D5 /* Release */,
			);
			defaultConfigurationIsVisible = 0;
			defaultConfigurationName = Release;
		};
		6F8C556F29008575004565D5 /* Build configuration list for PBXNativeTarget "porsche930TurboTests" */ = {
			isa = XCConfigurationList;
			buildConfigurations = (
				6F8C557029008575004565D5 /* Debug */,
				6F8C557129008575004565D5 /* Release */,
			);
			defaultConfigurationIsVisible = 0;
			defaultConfigurationName = Release;
		};
		6F8C557229008575004565D5 /* Build configuration list for PBXNativeTarget "porsche930TurboUITests" */ = {
			isa = XCConfigurationList;
			buildConfigurations = (
				6F8C557329008575004565D5 /* Debug */,
				6F8C557429008575004565D5 /* Release */,
			);
			defaultConfigurationIsVisible = 0;
			defaultConfigurationName = Release;
		};
/* End XCConfigurationList section */
	};
	rootObject = 6F8C553E29008571004565D5 /* Project object */;
}
