// !$*UTF8*$!
{
	archiveVersion = 1;
	classes = {
	};
	objectVersion = 55;
	objects = {

/* Begin PBXBuildFile section */
		D40B2BE329049AAB008675DB /* AppDelegate.swift in Sources */ = {isa = PBXBuildFile; fileRef = D40B2BE229049AAB008675DB /* AppDelegate.swift */; };
		D40B2BE529049AAB008675DB /* ContentView.swift in Sources */ = {isa = PBXBuildFile; fileRef = D40B2BE429049AAB008675DB /* ContentView.swift */; };
		D40B2BE729049AAB008675DB /* Experience.rcproject in Sources */ = {isa = PBXBuildFile; fileRef = D40B2BE629049AAB008675DB /* Experience.rcproject */; };
		D40B2BE929049AB0008675DB /* Assets.xcassets in Resources */ = {isa = PBXBuildFile; fileRef = D40B2BE829049AB0008675DB /* Assets.xcassets */; };
		D40B2BEC29049AB0008675DB /* Preview Assets.xcassets in Resources */ = {isa = PBXBuildFile; fileRef = D40B2BEB29049AB0008675DB /* Preview Assets.xcassets */; };
		D40B2BF429049BB1008675DB /* Porsche_911_930_Turbo_1975.usdz in Resources */ = {isa = PBXBuildFile; fileRef = D40B2BF329049BB1008675DB /* Porsche_911_930_Turbo_1975.usdz */; };
		D40B2BF629049EF7008675DB /* CarHighlight.swift in Sources */ = {isa = PBXBuildFile; fileRef = D40B2BF529049EF7008675DB /* CarHighlight.swift */; };
		D40B2BF82904A67F008675DB /* ARSettings.swift in Sources */ = {isa = PBXBuildFile; fileRef = D40B2BF72904A67F008675DB /* ARSettings.swift */; };
		D40B2BFA2904B1A4008675DB /* FREE_1975_Porsche_911_930_Turbo.usdz in Resources */ = {isa = PBXBuildFile; fileRef = D40B2BF92904B1A4008675DB /* FREE_1975_Porsche_911_930_Turbo.usdz */; };
/* End PBXBuildFile section */

/* Begin PBXFileReference section */
		D40B2BDF29049AAB008675DB /* PorscheAR.app */ = {isa = PBXFileReference; explicitFileType = wrapper.application; includeInIndex = 0; path = PorscheAR.app; sourceTree = BUILT_PRODUCTS_DIR; };
		D40B2BE229049AAB008675DB /* AppDelegate.swift */ = {isa = PBXFileReference; lastKnownFileType = sourcecode.swift; path = AppDelegate.swift; sourceTree = "<group>"; };
		D40B2BE429049AAB008675DB /* ContentView.swift */ = {isa = PBXFileReference; lastKnownFileType = sourcecode.swift; path = ContentView.swift; sourceTree = "<group>"; };
		D40B2BE629049AAB008675DB /* Experience.rcproject */ = {isa = PBXFileReference; lastKnownFileType = file.rcproject; path = Experience.rcproject; sourceTree = "<group>"; };
		D40B2BE829049AB0008675DB /* Assets.xcassets */ = {isa = PBXFileReference; lastKnownFileType = folder.assetcatalog; path = Assets.xcassets; sourceTree = "<group>"; };
		D40B2BEB29049AB0008675DB /* Preview Assets.xcassets */ = {isa = PBXFileReference; lastKnownFileType = folder.assetcatalog; path = "Preview Assets.xcassets"; sourceTree = "<group>"; };
		D40B2BF329049BB1008675DB /* Porsche_911_930_Turbo_1975.usdz */ = {isa = PBXFileReference; lastKnownFileType = file.usdz; path = Porsche_911_930_Turbo_1975.usdz; sourceTree = "<group>"; };
		D40B2BF529049EF7008675DB /* CarHighlight.swift */ = {isa = PBXFileReference; lastKnownFileType = sourcecode.swift; path = CarHighlight.swift; sourceTree = "<group>"; };
		D40B2BF72904A67F008675DB /* ARSettings.swift */ = {isa = PBXFileReference; lastKnownFileType = sourcecode.swift; path = ARSettings.swift; sourceTree = "<group>"; };
		D40B2BF92904B1A4008675DB /* FREE_1975_Porsche_911_930_Turbo.usdz */ = {isa = PBXFileReference; lastKnownFileType = file.usdz; path = FREE_1975_Porsche_911_930_Turbo.usdz; sourceTree = "<group>"; };
/* End PBXFileReference section */

/* Begin PBXFrameworksBuildPhase section */
		D40B2BDC29049AAB008675DB /* Frameworks */ = {
			isa = PBXFrameworksBuildPhase;
			buildActionMask = 2147483647;
			files = (
			);
			runOnlyForDeploymentPostprocessing = 0;
		};
/* End PBXFrameworksBuildPhase section */

/* Begin PBXGroup section */
		D40B2BD629049AAA008675DB = {
			isa = PBXGroup;
			children = (
				D40B2BE129049AAB008675DB /* PorscheAR */,
				D40B2BE029049AAB008675DB /* Products */,
			);
			sourceTree = "<group>";
		};
		D40B2BE029049AAB008675DB /* Products */ = {
			isa = PBXGroup;
			children = (
				D40B2BDF29049AAB008675DB /* PorscheAR.app */,
			);
			name = Products;
			sourceTree = "<group>";
		};
		D40B2BE129049AAB008675DB /* PorscheAR */ = {
			isa = PBXGroup;
			children = (
				D40B2BF229049B9B008675DB /* Models */,
				D40B2BE229049AAB008675DB /* AppDelegate.swift */,
				D40B2BE429049AAB008675DB /* ContentView.swift */,
				D40B2BE629049AAB008675DB /* Experience.rcproject */,
				D40B2BE829049AB0008675DB /* Assets.xcassets */,
				D40B2BEA29049AB0008675DB /* Preview Content */,
				D40B2BF529049EF7008675DB /* CarHighlight.swift */,
				D40B2BF72904A67F008675DB /* ARSettings.swift */,
			);
			path = PorscheAR;
			sourceTree = "<group>";
		};
		D40B2BEA29049AB0008675DB /* Preview Content */ = {
			isa = PBXGroup;
			children = (
				D40B2BEB29049AB0008675DB /* Preview Assets.xcassets */,
			);
			path = "Preview Content";
			sourceTree = "<group>";
		};
		D40B2BF229049B9B008675DB /* Models */ = {
			isa = PBXGroup;
			children = (
				D40B2BF92904B1A4008675DB /* FREE_1975_Porsche_911_930_Turbo.usdz */,
				D40B2BF329049BB1008675DB /* Porsche_911_930_Turbo_1975.usdz */,
			);
			path = Models;
			sourceTree = "<group>";
		};
/* End PBXGroup section */

/* Begin PBXNativeTarget section */
		D40B2BDE29049AAB008675DB /* PorscheAR */ = {
			isa = PBXNativeTarget;
			buildConfigurationList = D40B2BEF29049AB0008675DB /* Build configuration list for PBXNativeTarget "PorscheAR" */;
			buildPhases = (
				D40B2BDB29049AAB008675DB /* Sources */,
				D40B2BDC29049AAB008675DB /* Frameworks */,
				D40B2BDD29049AAB008675DB /* Resources */,
			);
			buildRules = (
			);
			dependencies = (
			);
			name = PorscheAR;
			productName = PorscheAR;
			productReference = D40B2BDF29049AAB008675DB /* PorscheAR.app */;
			productType = "com.apple.product-type.application";
		};
/* End PBXNativeTarget section */

/* Begin PBXProject section */
		D40B2BD729049AAA008675DB /* Project object */ = {
			isa = PBXProject;
			attributes = {
				BuildIndependentTargetsInParallel = 1;
				LastSwiftUpdateCheck = 1340;
				LastUpgradeCheck = 1340;
				TargetAttributes = {
					D40B2BDE29049AAB008675DB = {
						CreatedOnToolsVersion = 13.4.1;
					};
				};
			};
			buildConfigurationList = D40B2BDA29049AAA008675DB /* Build configuration list for PBXProject "PorscheAR" */;
			compatibilityVersion = "Xcode 13.0";
			developmentRegion = en;
			hasScannedForEncodings = 0;
			knownRegions = (
				en,
				Base,
			);
			mainGroup = D40B2BD629049AAA008675DB;
			productRefGroup = D40B2BE029049AAB008675DB /* Products */;
			projectDirPath = "";
			projectRoot = "";
			targets = (
				D40B2BDE29049AAB008675DB /* PorscheAR */,
			);
		};
/* End PBXProject section */

/* Begin PBXResourcesBuildPhase section */
		D40B2BDD29049AAB008675DB /* Resources */ = {
			isa = PBXResourcesBuildPhase;
			buildActionMask = 2147483647;
			files = (
				D40B2BEC29049AB0008675DB /* Preview Assets.xcassets in Resources */,
				D40B2BE929049AB0008675DB /* Assets.xcassets in Resources */,
				D40B2BFA2904B1A4008675DB /* FREE_1975_Porsche_911_930_Turbo.usdz in Resources */,
				D40B2BF429049BB1008675DB /* Porsche_911_930_Turbo_1975.usdz in Resources */,
			);
			runOnlyForDeploymentPostprocessing = 0;
		};
/* End PBXResourcesBuildPhase section */

/* Begin PBXSourcesBuildPhase section */
		D40B2BDB29049AAB008675DB /* Sources */ = {
			isa = PBXSourcesBuildPhase;
			buildActionMask = 2147483647;
			files = (
				D40B2BE529049AAB008675DB /* ContentView.swift in Sources */,
				D40B2BE329049AAB008675DB /* AppDelegate.swift in Sources */,
				D40B2BE729049AAB008675DB /* Experience.rcproject in Sources */,
				D40B2BF629049EF7008675DB /* CarHighlight.swift in Sources */,
				D40B2BF82904A67F008675DB /* ARSettings.swift in Sources */,
			);
			runOnlyForDeploymentPostprocessing = 0;
		};
/* End PBXSourcesBuildPhase section */

/* Begin XCBuildConfiguration section */
		D40B2BED29049AB0008675DB /* Debug */ = {
			isa = XCBuildConfiguration;
			buildSettings = {
				ALWAYS_SEARCH_USER_PATHS = NO;
				CLANG_ANALYZER_NONNULL = YES;
				CLANG_ANALYZER_NUMBER_OBJECT_CONVERSION = YES_AGGRESSIVE;
				CLANG_CXX_LANGUAGE_STANDARD = "gnu++17";
				CLANG_ENABLE_MODULES = YES;
				CLANG_ENABLE_OBJC_ARC = YES;
				CLANG_ENABLE_OBJC_WEAK = YES;
				CLANG_WARN_BLOCK_CAPTURE_AUTORELEASING = YES;
				CLANG_WARN_BOOL_CONVERSION = YES;
				CLANG_WARN_COMMA = YES;
				CLANG_WARN_CONSTANT_CONVERSION = YES;
				CLANG_WARN_DEPRECATED_OBJC_IMPLEMENTATIONS = YES;
				CLANG_WARN_DIRECT_OBJC_ISA_USAGE = YES_ERROR;
				CLANG_WARN_DOCUMENTATION_COMMENTS = YES;
				CLANG_WARN_EMPTY_BODY = YES;
				CLANG_WARN_ENUM_CONVERSION = YES;
				CLANG_WARN_INFINITE_RECURSION = YES;
				CLANG_WARN_INT_CONVERSION = YES;
				CLANG_WARN_NON_LITERAL_NULL_CONVERSION = YES;
				CLANG_WARN_OBJC_IMPLICIT_RETAIN_SELF = YES;
				CLANG_WARN_OBJC_LITERAL_CONVERSION = YES;
				CLANG_WARN_OBJC_ROOT_CLASS = YES_ERROR;
				CLANG_WARN_QUOTED_INCLUDE_IN_FRAMEWORK_HEADER = YES;
				CLANG_WARN_RANGE_LOOP_ANALYSIS = YES;
				CLANG_WARN_STRICT_PROTOTYPES = YES;
				CLANG_WARN_SUSPICIOUS_MOVE = YES;
				CLANG_WARN_UNGUARDED_AVAILABILITY = YES_AGGRESSIVE;
				CLANG_WARN_UNREACHABLE_CODE = YES;
				CLANG_WARN__DUPLICATE_METHOD_MATCH = YES;
				COPY_PHASE_STRIP = NO;
				DEBUG_INFORMATION_FORMAT = dwarf;
				ENABLE_STRICT_OBJC_MSGSEND = YES;
				ENABLE_TESTABILITY = YES;
				GCC_C_LANGUAGE_STANDARD = gnu11;
				GCC_DYNAMIC_NO_PIC = NO;
				GCC_NO_COMMON_BLOCKS = YES;
				GCC_OPTIMIZATION_LEVEL = 0;
				GCC_PREPROCESSOR_DEFINITIONS = (
					"DEBUG=1",
					"$(inherited)",
				);
				GCC_WARN_64_TO_32_BIT_CONVERSION = YES;
				GCC_WARN_ABOUT_RETURN_TYPE = YES_ERROR;
				GCC_WARN_UNDECLARED_SELECTOR = YES;
				GCC_WARN_UNINITIALIZED_AUTOS = YES_AGGRESSIVE;
				GCC_WARN_UNUSED_FUNCTION = YES;
				GCC_WARN_UNUSED_VARIABLE = YES;
				IPHONEOS_DEPLOYMENT_TARGET = 15.5;
				MTL_ENABLE_DEBUG_INFO = INCLUDE_SOURCE;
				MTL_FAST_MATH = YES;
				ONLY_ACTIVE_ARCH = YES;
				SDKROOT = iphoneos;
				SWIFT_ACTIVE_COMPILATION_CONDITIONS = DEBUG;
				SWIFT_OPTIMIZATION_LEVEL = "-Onone";
			};
			name = Debug;
		};
		D40B2BEE29049AB0008675DB /* Release */ = {
			isa = XCBuildConfiguration;
			buildSettings = {
				ALWAYS_SEARCH_USER_PATHS = NO;
				CLANG_ANALYZER_NONNULL = YES;
				CLANG_ANALYZER_NUMBER_OBJECT_CONVERSION = YES_AGGRESSIVE;
				CLANG_CXX_LANGUAGE_STANDARD = "gnu++17";
				CLANG_ENABLE_MODULES = YES;
				CLANG_ENABLE_OBJC_ARC = YES;
				CLANG_ENABLE_OBJC_WEAK = YES;
				CLANG_WARN_BLOCK_CAPTURE_AUTORELEASING = YES;
				CLANG_WARN_BOOL_CONVERSION = YES;
				CLANG_WARN_COMMA = YES;
				CLANG_WARN_CONSTANT_CONVERSION = YES;
				CLANG_WARN_DEPRECATED_OBJC_IMPLEMENTATIONS = YES;
				CLANG_WARN_DIRECT_OBJC_ISA_USAGE = YES_ERROR;
				CLANG_WARN_DOCUMENTATION_COMMENTS = YES;
				CLANG_WARN_EMPTY_BODY = YES;
				CLANG_WARN_ENUM_CONVERSION = YES;
				CLANG_WARN_INFINITE_RECURSION = YES;
				CLANG_WARN_INT_CONVERSION = YES;
				CLANG_WARN_NON_LITERAL_NULL_CONVERSION = YES;
				CLANG_WARN_OBJC_IMPLICIT_RETAIN_SELF = YES;
				CLANG_WARN_OBJC_LITERAL_CONVERSION = YES;
				CLANG_WARN_OBJC_ROOT_CLASS = YES_ERROR;
				CLANG_WARN_QUOTED_INCLUDE_IN_FRAMEWORK_HEADER = YES;
				CLANG_WARN_RANGE_LOOP_ANALYSIS = YES;
				CLANG_WARN_STRICT_PROTOTYPES = YES;
				CLANG_WARN_SUSPICIOUS_MOVE = YES;
				CLANG_WARN_UNGUARDED_AVAILABILITY = YES_AGGRESSIVE;
				CLANG_WARN_UNREACHABLE_CODE = YES;
				CLANG_WARN__DUPLICATE_METHOD_MATCH = YES;
				COPY_PHASE_STRIP = NO;
				DEBUG_INFORMATION_FORMAT = "dwarf-with-dsym";
				ENABLE_NS_ASSERTIONS = NO;
				ENABLE_STRICT_OBJC_MSGSEND = YES;
				GCC_C_LANGUAGE_STANDARD = gnu11;
				GCC_NO_COMMON_BLOCKS = YES;
				GCC_WARN_64_TO_32_BIT_CONVERSION = YES;
				GCC_WARN_ABOUT_RETURN_TYPE = YES_ERROR;
				GCC_WARN_UNDECLARED_SELECTOR = YES;
				GCC_WARN_UNINITIALIZED_AUTOS = YES_AGGRESSIVE;
				GCC_WARN_UNUSED_FUNCTION = YES;
				GCC_WARN_UNUSED_VARIABLE = YES;
				IPHONEOS_DEPLOYMENT_TARGET = 15.5;
				MTL_ENABLE_DEBUG_INFO = NO;
				MTL_FAST_MATH = YES;
				SDKROOT = iphoneos;
				SWIFT_COMPILATION_MODE = wholemodule;
				SWIFT_OPTIMIZATION_LEVEL = "-O";
				VALIDATE_PRODUCT = YES;
			};
			name = Release;
		};
		D40B2BF029049AB0008675DB /* Debug */ = {
			isa = XCBuildConfiguration;
			buildSettings = {
				ASSETCATALOG_COMPILER_APPICON_NAME = AppIcon;
				ASSETCATALOG_COMPILER_GLOBAL_ACCENT_COLOR_NAME = AccentColor;
				CODE_SIGN_STYLE = Automatic;
				CURRENT_PROJECT_VERSION = 1;
				DEVELOPMENT_ASSET_PATHS = "\"PorscheAR/Preview Content\"";
				DEVELOPMENT_TEAM = MX77HCA3K7;
				ENABLE_PREVIEWS = YES;
				GENERATE_INFOPLIST_FILE = YES;
				INFOPLIST_KEY_NSCameraUsageDescription = "";
				INFOPLIST_KEY_UIApplicationSupportsIndirectInputEvents = YES;
				INFOPLIST_KEY_UILaunchScreen_Generation = YES;
				INFOPLIST_KEY_UIRequiredDeviceCapabilities = arkit;
				INFOPLIST_KEY_UIStatusBarHidden = YES;
				INFOPLIST_KEY_UISupportedInterfaceOrientations_iPad = "UIInterfaceOrientationPortrait UIInterfaceOrientationPortraitUpsideDown UIInterfaceOrientationLandscapeLeft UIInterfaceOrientationLandscapeRight";
				INFOPLIST_KEY_UISupportedInterfaceOrientations_iPhone = "UIInterfaceOrientationPortrait UIInterfaceOrientationLandscapeLeft UIInterfaceOrientationLandscapeRight";
				LD_RUNPATH_SEARCH_PATHS = (
					"$(inherited)",
					"@executable_path/Frameworks",
				);
				MARKETING_VERSION = 1.0;
				PRODUCT_BUNDLE_IDENTIFIER = com.jalome.PorscheAR;
				PRODUCT_NAME = "$(TARGET_NAME)";
				SWIFT_EMIT_LOC_STRINGS = YES;
				SWIFT_VERSION = 5.0;
				TARGETED_DEVICE_FAMILY = "1,2";
			};
			name = Debug;
		};
		D40B2BF129049AB0008675DB /* Release */ = {
			isa = XCBuildConfiguration;
			buildSettings = {
				ASSETCATALOG_COMPILER_APPICON_NAME = AppIcon;
				ASSETCATALOG_COMPILER_GLOBAL_ACCENT_COLOR_NAME = AccentColor;
				CODE_SIGN_STYLE = Automatic;
				CURRENT_PROJECT_VERSION = 1;
				DEVELOPMENT_ASSET_PATHS = "\"PorscheAR/Preview Content\"";
				DEVELOPMENT_TEAM = MX77HCA3K7;
				ENABLE_PREVIEWS = YES;
				GENERATE_INFOPLIST_FILE = YES;
				INFOPLIST_KEY_NSCameraUsageDescription = "";
				INFOPLIST_KEY_UIApplicationSupportsIndirectInputEvents = YES;
				INFOPLIST_KEY_UILaunchScreen_Generation = YES;
				INFOPLIST_KEY_UIRequiredDeviceCapabilities = arkit;
				INFOPLIST_KEY_UIStatusBarHidden = YES;
				INFOPLIST_KEY_UISupportedInterfaceOrientations_iPad = "UIInterfaceOrientationPortrait UIInterfaceOrientationPortraitUpsideDown UIInterfaceOrientationLandscapeLeft UIInterfaceOrientationLandscapeRight";
				INFOPLIST_KEY_UISupportedInterfaceOrientations_iPhone = "UIInterfaceOrientationPortrait UIInterfaceOrientationLandscapeLeft UIInterfaceOrientationLandscapeRight";
				LD_RUNPATH_SEARCH_PATHS = (
					"$(inherited)",
					"@executable_path/Frameworks",
				);
				MARKETING_VERSION = 1.0;
				PRODUCT_BUNDLE_IDENTIFIER = com.jalome.PorscheAR;
				PRODUCT_NAME = "$(TARGET_NAME)";
				SWIFT_EMIT_LOC_STRINGS = YES;
				SWIFT_VERSION = 5.0;
				TARGETED_DEVICE_FAMILY = "1,2";
			};
			name = Release;
		};
/* End XCBuildConfiguration section */

/* Begin XCConfigurationList section */
		D40B2BDA29049AAA008675DB /* Build configuration list for PBXProject "PorscheAR" */ = {
			isa = XCConfigurationList;
			buildConfigurations = (
				D40B2BED29049AB0008675DB /* Debug */,
				D40B2BEE29049AB0008675DB /* Release */,
			);
			defaultConfigurationIsVisible = 0;
			defaultConfigurationName = Release;
		};
		D40B2BEF29049AB0008675DB /* Build configuration list for PBXNativeTarget "PorscheAR" */ = {
			isa = XCConfigurationList;
			buildConfigurations = (
				D40B2BF029049AB0008675DB /* Debug */,
				D40B2BF129049AB0008675DB /* Release */,
			);
			defaultConfigurationIsVisible = 0;
			defaultConfigurationName = Release;
		};
/* End XCConfigurationList section */
	};
	rootObject = D40B2BD729049AAA008675DB /* Project object */;
}
